{
  "name": "@bento/internal-props",
  "version": "1.0.0",
  "lockfileVersion": 3,
  "requires": true,
  "packages": {
    "": {
      "name": "@bento/internal-props",
      "version": "1.0.0",
      "hasInstallScript": true,
      "license": "UNLICENSED",
      "dependencies": {
        "@bento/to-attribute-value": "file:../to-attribute-value",
        "dashify": "^2.0.0",
        "use-deep-compare": "^1.3.0"
      },
      "peerDependencies": {
        "react": "18.x || 19.x",
        "react-dom": "18.x || 19.x"
      }
    },
    "../to-attribute-value": {},
    "node_modules/@bento/to-attribute-value": {
      "resolved": "../to-attribute-value",
      "link": true
    },
    "node_modules/dashify": {
      "version": "2.0.0",
      "resolved": "https://registry.npmjs.org/dashify/-/dashify-2.0.0.tgz",
      "integrity": "sha512-hpA5C/YrPjucXypHPPc0oJ1l9Hf6wWbiOL7Ik42cxnsUOhWiCB/fylKbKqqJalW9FgkNQCw16YO8uW9Hs0Iy1A==",
      "license": "MIT",
      "engines": {
        "node": ">=4"
      }
    },
    "node_modules/dequal": {
      "version": "2.0.3",
      "resolved": "https://registry.npmjs.org/dequal/-/dequal-2.0.3.tgz",
      "integrity": "sha512-0je+qPKHEMohvfRTCEo3CrPG6cAzAYgmzKyxRiYSSDkS6eGJdyVJm7WaYA5ECaAD9wLB2T4EEeymA5aFVcYXCA==",
      "license": "MIT",
      "engines": {
        "node": ">=6"
      }
    },
    "node_modules/react": {
      "version": "19.1.0",
      "resolved": "https://registry.npmjs.org/react/-/react-19.1.0.tgz",
      "integrity": "sha512-FS+XFBNvn3GTAWq26joslQgWNoFu08F4kl0J4CgdNKADkdSGXQyTCnKteIAJy96Br6YbpEU1LSzV5dYtjMkMDg==",
      "license": "MIT",
      "peer": true,
      "engines": {
        "node": ">=0.10.0"
      }
    },
    "node_modules/react-dom": {
      "version": "19.1.0",
      "resolved": "https://registry.npmjs.org/react-dom/-/react-dom-19.1.0.tgz",
      "integrity": "sha512-Xs1hdnE+DyKgeHJeJznQmYMIBG3TKIHJJT95Q58nHLSrElKlGQqDTR2HQ9fx5CN/Gk6Vh/kupBTDLU11/nDk/g==",
      "license": "MIT",
      "peer": true,
      "dependencies": {
        "scheduler": "^0.26.0"
      },
      "peerDependencies": {
        "react": "^19.1.0"
      }
    },
    "node_modules/scheduler": {
      "version": "0.26.0",
      "resolved": "https://registry.npmjs.org/scheduler/-/scheduler-0.26.0.tgz",
      "integrity": "sha512-NlHwttCI/l5gCPR3D1nNXtWABUmBwvZpEQiD4IXSbIDq8BzLIK/7Ir5gTFSGZDUu37K5cMNp0hFtzO38sC7gWA==",
      "license": "MIT",
      "peer": true
    },
    "node_modules/use-deep-compare": {
      "version": "1.3.0",
      "resolved": "https://registry.npmjs.org/use-deep-compare/-/use-deep-compare-1.3.0.tgz",
      "integrity": "sha512-94iG+dEdEP/Sl3WWde+w9StIunlV8Dgj+vkt5wTwMoFQLaijiEZSXXy8KtcStpmEDtIptRJiNeD4ACTtVvnIKA==",
      "license": "MIT",
      "dependencies": {
        "dequal": "2.0.3"
      },
      "peerDependencies": {
        "react": ">=16.8.0"
      }
    }
  }
}
